
Microsoft Visual Studio Solution File, Format Version 12.00
# Visual Studio Version 17
VisualStudioVersion = 17.8.34322.80
MinimumVisualStudioVersion = 10.0.40219.1
Project("{FAE04EC0-301F-11D3-BF4B-00C04F79EFBC}") = "Havadurumudeneme2", "Havadurumudeneme2\Havadurumudeneme2.csproj", "{A197CD73-B358-438B-B224-A5998F991940}"
EndProject
Global
	GlobalSection(SolutionConfigurationPlatforms) = preSolution
		Debug|Any CPU = Debug|Any CPU
		Release|Any CPU = Release|Any CPU
	EndGlobalSection
	GlobalSection(ProjectConfigurationPlatforms) = postSolution
		{A197CD73-B358-438B-B224-A5998F991940}.Debug|Any CPU.ActiveCfg = Debug|Any CPU
		{A197CD73-B358-438B-B224-A5998F991940}.Debug|Any CPU.Build.0 = Debug|Any CPU
		{A197CD73-B358-438B-B224-A5998F991940}.Release|Any CPU.ActiveCfg = Release|Any CPU
		{A197CD73-B358-438B-B224-A5998F991940}.Release|Any CPU.Build.0 = Release|Any CPU
	EndGlobalSection
	GlobalSection(SolutionProperties) = preSolution
		HideSolutionNode = FALSE
	EndGlobalSection
	GlobalSection(ExtensibilityGlobals) = postSolution
		SolutionGuid = {1527DFA8-E878-4882-9BE9-F7AEEC6D5B5D}
	EndGlobalSection
EndGlobal
